PODS:
  - DatadogSDK (1.16.0)
  - OpenTok (2.24.0):
    - VonageWebRTC (= 99.2.39)
  - VonageWebRTC (99.2.39)

DEPENDENCIES:
  - DatadogSDK
  - OpenTok (~> 2.24)

SPEC REPOS:
  trunk:
    - DatadogSDK
    - OpenTok
    - VonageWebRTC

SPEC CHECKSUMS:
  DatadogSDK: 7d2d3240a946a5a43b71ae4fa719919d9ed7fc22
  OpenTok: 6995850a6a7a37464ffece03ae0b8563b0f5445d
  VonageWebRTC: 4b57187170ef4ea435006e932600646a0521d6b0

PODFILE CHECKSUM: 372dd5de5941f6087c1c3da05512b6c385063506

COCOAPODS: 1.11.3
